
Microsoft Visual Studio Solution File, Format Version 12.00
# Visual Studio Version 17
VisualStudioVersion = 17.3.32929.385
MinimumVisualStudioVersion = 10.0.40219.1
Project("{FAE04EC0-301F-11D3-BF4B-00C04F79EFBC}") = "Task1", "Task1\Task1.csproj", "{6B51B3F4-1022-4CFD-83EF-AF90C3EE6115}"
EndProject
Project("{FAE04EC0-301F-11D3-BF4B-00C04F79EFBC}") = "Task2", "Task2\Task2.csproj", "{C1806D04-8CCE-4BF8-84F5-D5214EE83CD5}"
EndProject
Global
	GlobalSection(SolutionConfigurationPlatforms) = preSolution
		Debug|Any CPU = Debug|Any CPU
		Release|Any CPU = Release|Any CPU
	EndGlobalSection
	GlobalSection(ProjectConfigurationPlatforms) = postSolution
		{6B51B3F4-1022-4CFD-83EF-AF90C3EE6115}.Debug|Any CPU.ActiveCfg = Debug|Any CPU
		{6B51B3F4-1022-4CFD-83EF-AF90C3EE6115}.Debug|Any CPU.Build.0 = Debug|Any CPU
		{6B51B3F4-1022-4CFD-83EF-AF90C3EE6115}.Release|Any CPU.ActiveCfg = Release|Any CPU
		{6B51B3F4-1022-4CFD-83EF-AF90C3EE6115}.Release|Any CPU.Build.0 = Release|Any CPU
		{C1806D04-8CCE-4BF8-84F5-D5214EE83CD5}.Debug|Any CPU.ActiveCfg = Debug|Any CPU
		{C1806D04-8CCE-4BF8-84F5-D5214EE83CD5}.Debug|Any CPU.Build.0 = Debug|Any CPU
		{C1806D04-8CCE-4BF8-84F5-D5214EE83CD5}.Release|Any CPU.ActiveCfg = Release|Any CPU
		{C1806D04-8CCE-4BF8-84F5-D5214EE83CD5}.Release|Any CPU.Build.0 = Release|Any CPU
	EndGlobalSection
	GlobalSection(SolutionProperties) = preSolution
		HideSolutionNode = FALSE
	EndGlobalSection
	GlobalSection(ExtensibilityGlobals) = postSolution
		SolutionGuid = {89DC2547-4A2F-47F3-B74A-092E9B204568}
	EndGlobalSection
EndGlobal
