
Microsoft Visual Studio Solution File, Format Version 12.00
# Visual Studio Version 17
VisualStudioVersion = 17.3.32929.385
MinimumVisualStudioVersion = 10.0.40219.1
Project("{FAE04EC0-301F-11D3-BF4B-00C04F79EFBC}") = "7_7", "7_7\7_7.csproj", "{BDBD56D3-4682-412F-B389-5176D13BC066}"
EndProject
Global
	GlobalSection(SolutionConfigurationPlatforms) = preSolution
		Debug|Any CPU = Debug|Any CPU
		Release|Any CPU = Release|Any CPU
	EndGlobalSection
	GlobalSection(ProjectConfigurationPlatforms) = postSolution
		{BDBD56D3-4682-412F-B389-5176D13BC066}.Debug|Any CPU.ActiveCfg = Debug|Any CPU
		{BDBD56D3-4682-412F-B389-5176D13BC066}.Debug|Any CPU.Build.0 = Debug|Any CPU
		{BDBD56D3-4682-412F-B389-5176D13BC066}.Release|Any CPU.ActiveCfg = Release|Any CPU
		{BDBD56D3-4682-412F-B389-5176D13BC066}.Release|Any CPU.Build.0 = Release|Any CPU
	EndGlobalSection
	GlobalSection(SolutionProperties) = preSolution
		HideSolutionNode = FALSE
	EndGlobalSection
	GlobalSection(ExtensibilityGlobals) = postSolution
		SolutionGuid = {2713937F-E26E-44B8-B7F6-E088AF99AA40}
	EndGlobalSection
EndGlobal
