
Microsoft Visual Studio Solution File, Format Version 12.00
# Visual Studio Version 17
VisualStudioVersion = 17.3.32929.385
MinimumVisualStudioVersion = 10.0.40219.1
Project("{9A19103F-16F7-4668-BE54-9A1E7A4F7556}") = "Task2", "Task2\Task2.csproj", "{A87E03D1-4764-4029-8989-D635E752331B}"
EndProject
Project("{9A19103F-16F7-4668-BE54-9A1E7A4F7556}") = "Task1", "Task1\Task1.csproj", "{291BC708-F413-4084-9F33-BA5E5389387A}"
EndProject
Global
	GlobalSection(SolutionConfigurationPlatforms) = preSolution
		Debug|Any CPU = Debug|Any CPU
		Release|Any CPU = Release|Any CPU
	EndGlobalSection
	GlobalSection(ProjectConfigurationPlatforms) = postSolution
		{A87E03D1-4764-4029-8989-D635E752331B}.Debug|Any CPU.ActiveCfg = Debug|Any CPU
		{A87E03D1-4764-4029-8989-D635E752331B}.Debug|Any CPU.Build.0 = Debug|Any CPU
		{A87E03D1-4764-4029-8989-D635E752331B}.Release|Any CPU.ActiveCfg = Release|Any CPU
		{A87E03D1-4764-4029-8989-D635E752331B}.Release|Any CPU.Build.0 = Release|Any CPU
		{291BC708-F413-4084-9F33-BA5E5389387A}.Debug|Any CPU.ActiveCfg = Debug|Any CPU
		{291BC708-F413-4084-9F33-BA5E5389387A}.Debug|Any CPU.Build.0 = Debug|Any CPU
		{291BC708-F413-4084-9F33-BA5E5389387A}.Release|Any CPU.ActiveCfg = Release|Any CPU
		{291BC708-F413-4084-9F33-BA5E5389387A}.Release|Any CPU.Build.0 = Release|Any CPU
	EndGlobalSection
	GlobalSection(SolutionProperties) = preSolution
		HideSolutionNode = FALSE
	EndGlobalSection
	GlobalSection(ExtensibilityGlobals) = postSolution
		SolutionGuid = {C6F72892-39CF-4D35-88E8-13820ED54D20}
	EndGlobalSection
EndGlobal
